
Microsoft Visual Studio Solution File, Format Version 12.00
# Visual Studio 2013
VisualStudioVersion = 12.0.21005.1
MinimumVisualStudioVersion = 10.0.40219.1
Project("{FAE04EC0-301F-11D3-BF4B-00C04F79EFBC}") = "Client", "Client\Client.csproj", "{8ED8A46A-95E9-4EC5-80DC-5A209512A9FA}"
EndProject
Project("{FAE04EC0-301F-11D3-BF4B-00C04F79EFBC}") = "Server", "Server\Server.csproj", "{FFA59147-461C-4AE9-8CB2-603D38FB3B42}"
EndProject
Project("{FAE04EC0-301F-11D3-BF4B-00C04F79EFBC}") = "FileExtensionContracts", "FileExtensionContracts\FileExtensionContracts.csproj", "{08A17254-EC40-4032-93A7-C40DCC414E8D}"
EndProject
Project("{FAE04EC0-301F-11D3-BF4B-00C04F79EFBC}") = "PDFReader", "PDFReader\PDFReader.csproj", "{A576E99A-F357-4201-8A7B-9C6CCE2C5064}"
EndProject
Global
	GlobalSection(SolutionConfigurationPlatforms) = preSolution
		Debug|Any CPU = Debug|Any CPU
		Release|Any CPU = Release|Any CPU
	EndGlobalSection
	GlobalSection(ProjectConfigurationPlatforms) = postSolution
		{8ED8A46A-95E9-4EC5-80DC-5A209512A9FA}.Debug|Any CPU.ActiveCfg = Debug|Any CPU
		{8ED8A46A-95E9-4EC5-80DC-5A209512A9FA}.Debug|Any CPU.Build.0 = Debug|Any CPU
		{8ED8A46A-95E9-4EC5-80DC-5A209512A9FA}.Release|Any CPU.ActiveCfg = Release|Any CPU
		{8ED8A46A-95E9-4EC5-80DC-5A209512A9FA}.Release|Any CPU.Build.0 = Release|Any CPU
		{FFA59147-461C-4AE9-8CB2-603D38FB3B42}.Debug|Any CPU.ActiveCfg = Debug|Any CPU
		{FFA59147-461C-4AE9-8CB2-603D38FB3B42}.Debug|Any CPU.Build.0 = Debug|Any CPU
		{FFA59147-461C-4AE9-8CB2-603D38FB3B42}.Release|Any CPU.ActiveCfg = Release|Any CPU
		{FFA59147-461C-4AE9-8CB2-603D38FB3B42}.Release|Any CPU.Build.0 = Release|Any CPU
		{08A17254-EC40-4032-93A7-C40DCC414E8D}.Debug|Any CPU.ActiveCfg = Debug|Any CPU
		{08A17254-EC40-4032-93A7-C40DCC414E8D}.Debug|Any CPU.Build.0 = Debug|Any CPU
		{08A17254-EC40-4032-93A7-C40DCC414E8D}.Release|Any CPU.ActiveCfg = Release|Any CPU
		{08A17254-EC40-4032-93A7-C40DCC414E8D}.Release|Any CPU.Build.0 = Release|Any CPU
		{A576E99A-F357-4201-8A7B-9C6CCE2C5064}.Debug|Any CPU.ActiveCfg = Debug|Any CPU
		{A576E99A-F357-4201-8A7B-9C6CCE2C5064}.Debug|Any CPU.Build.0 = Debug|Any CPU
		{A576E99A-F357-4201-8A7B-9C6CCE2C5064}.Release|Any CPU.ActiveCfg = Release|Any CPU
		{A576E99A-F357-4201-8A7B-9C6CCE2C5064}.Release|Any CPU.Build.0 = Release|Any CPU
	EndGlobalSection
	GlobalSection(SolutionProperties) = preSolution
		HideSolutionNode = FALSE
	EndGlobalSection
EndGlobal
